// !$*UTF8*$!
{
	archiveVersion = 1;
	classes = {
	};
	objectVersion = 46;
	objects = {

/* Begin PBXBuildFile section */
		211BA6991A8BCFBB007F9C65 /* AppDelegate.swift in Sources */ = {isa = PBXBuildFile; fileRef = 211BA6981A8BCFBB007F9C65 /* AppDelegate.swift */; };
		211BA69D1A8BCFBB007F9C65 /* GameScene.swift in Sources */ = {isa = PBXBuildFile; fileRef = 211BA69C1A8BCFBB007F9C65 /* GameScene.swift */; };
		211BA69F1A8BCFBB007F9C65 /* GameViewController.swift in Sources */ = {isa = PBXBuildFile; fileRef = 211BA69E1A8BCFBB007F9C65 /* GameViewController.swift */; };
		211BA6A21A8BCFBB007F9C65 /* Main.storyboard in Resources */ = {isa = PBXBuildFile; fileRef = 211BA6A01A8BCFBB007F9C65 /* Main.storyboard */; };
		211BA6A41A8BCFBB007F9C65 /* Images.xcassets in Resources */ = {isa = PBXBuildFile; fileRef = 211BA6A31A8BCFBB007F9C65 /* Images.xcassets */; };
		211BA6A71A8BCFBB007F9C65 /* LaunchScreen.xib in Resources */ = {isa = PBXBuildFile; fileRef = 211BA6A51A8BCFBB007F9C65 /* LaunchScreen.xib */; };
		211BA6B31A8BCFBB007F9C65 /* UPTests.swift in Sources */ = {isa = PBXBuildFile; fileRef = 211BA6B21A8BCFBB007F9C65 /* UPTests.swift */; };
		211BA6DC1A8BD662007F9C65 /* ball™ipad.png in Resources */ = {isa = PBXBuildFile; fileRef = 211BA6BF1A8BD662007F9C65 /* ball™ipad.png */; };
		211BA6DD1A8BD662007F9C65 /* BG™ipad.png in Resources */ = {isa = PBXBuildFile; fileRef = 211BA6C01A8BD662007F9C65 /* BG™ipad.png */; };
		211BA6DE1A8BD662007F9C65 /* bottomBanner.png in Resources */ = {isa = PBXBuildFile; fileRef = 211BA6C11A8BD662007F9C65 /* bottomBanner.png */; };
		211BA6DF1A8BD662007F9C65 /* launchImage™ipad.png in Resources */ = {isa = PBXBuildFile; fileRef = 211BA6C21A8BD662007F9C65 /* launchImage™ipad.png */; };
		211BA6E01A8BD662007F9C65 /* startbutton™ipad.png in Resources */ = {isa = PBXBuildFile; fileRef = 211BA6C31A8BD662007F9C65 /* startbutton™ipad.png */; };
		211BA6E11A8BD662007F9C65 /* tube™ipad.png in Resources */ = {isa = PBXBuildFile; fileRef = 211BA6C41A8BD662007F9C65 /* tube™ipad.png */; };
		211BA6E21A8BD662007F9C65 /* ball™ipad@2x.png in Resources */ = {isa = PBXBuildFile; fileRef = 211BA6C61A8BD662007F9C65 /* ball™ipad@2x.png */; };
		211BA6E31A8BD662007F9C65 /* BG™ipad@2x.png in Resources */ = {isa = PBXBuildFile; fileRef = 211BA6C71A8BD662007F9C65 /* BG™ipad@2x.png */; };
		211BA6E41A8BD662007F9C65 /* bottombanner™ipad@2x.png in Resources */ = {isa = PBXBuildFile; fileRef = 211BA6C81A8BD662007F9C65 /* bottombanner™ipad@2x.png */; };
		211BA6E51A8BD662007F9C65 /* launhimage™ipad@2x.png in Resources */ = {isa = PBXBuildFile; fileRef = 211BA6C91A8BD662007F9C65 /* launhimage™ipad@2x.png */; };
		211BA6E61A8BD662007F9C65 /* startbutton™ipad@2x.png in Resources */ = {isa = PBXBuildFile; fileRef = 211BA6CA1A8BD662007F9C65 /* startbutton™ipad@2x.png */; };
		211BA6E71A8BD662007F9C65 /* tube™ipad@2x.png in Resources */ = {isa = PBXBuildFile; fileRef = 211BA6CB1A8BD662007F9C65 /* tube™ipad@2x.png */; };
		211BA6E81A8BD662007F9C65 /* ball™iphone@2x.png in Resources */ = {isa = PBXBuildFile; fileRef = 211BA6CD1A8BD662007F9C65 /* ball™iphone@2x.png */; };
		211BA6E91A8BD662007F9C65 /* BG™iphone@2x.png in Resources */ = {isa = PBXBuildFile; fileRef = 211BA6CE1A8BD662007F9C65 /* BG™iphone@2x.png */; };
		211BA6EA1A8BD662007F9C65 /* bottombbanner™iphone@2x.png in Resources */ = {isa = PBXBuildFile; fileRef = 211BA6CF1A8BD662007F9C65 /* bottombbanner™iphone@2x.png */; };
		211BA6EB1A8BD662007F9C65 /* launchimage™iphone@2x.png in Resources */ = {isa = PBXBuildFile; fileRef = 211BA6D01A8BD662007F9C65 /* launchimage™iphone@2x.png */; };
		211BA6EC1A8BD662007F9C65 /* startbutton™iphone@2x.png in Resources */ = {isa = PBXBuildFile; fileRef = 211BA6D11A8BD662007F9C65 /* startbutton™iphone@2x.png */; };
		211BA6ED1A8BD662007F9C65 /* tube™iphone@2x.png in Resources */ = {isa = PBXBuildFile; fileRef = 211BA6D21A8BD662007F9C65 /* tube™iphone@2x.png */; };
		211BA6EE1A8BD662007F9C65 /* ball™ipone5.png in Resources */ = {isa = PBXBuildFile; fileRef = 211BA6D41A8BD662007F9C65 /* ball™ipone5.png */; };
		211BA6EF1A8BD662007F9C65 /* bottombanner™iphone5.png in Resources */ = {isa = PBXBuildFile; fileRef = 211BA6D51A8BD662007F9C65 /* bottombanner™iphone5.png */; };
		211BA6F01A8BD662007F9C65 /* gameBG™iphone5.png in Resources */ = {isa = PBXBuildFile; fileRef = 211BA6D61A8BD662007F9C65 /* gameBG™iphone5.png */; };
		211BA6F11A8BD662007F9C65 /* LaunchImage.png in Resources */ = {isa = PBXBuildFile; fileRef = 211BA6D71A8BD662007F9C65 /* LaunchImage.png */; };
		211BA6F21A8BD662007F9C65 /* pause™iphone5.png in Resources */ = {isa = PBXBuildFile; fileRef = 211BA6D81A8BD662007F9C65 /* pause™iphone5.png */; };
		211BA6F31A8BD662007F9C65 /* play™iphone5.png in Resources */ = {isa = PBXBuildFile; fileRef = 211BA6D91A8BD662007F9C65 /* play™iphone5.png */; };
		211BA6F41A8BD662007F9C65 /* startButton™iphone.png in Resources */ = {isa = PBXBuildFile; fileRef = 211BA6DA1A8BD662007F9C65 /* startButton™iphone.png */; };
		211BA6F51A8BD662007F9C65 /* tube™iphone5.png in Resources */ = {isa = PBXBuildFile; fileRef = 211BA6DB1A8BD662007F9C65 /* tube™iphone5.png */; };
		211BA6F71A8BDB77007F9C65 /* WelcomeScene.swift in Sources */ = {isa = PBXBuildFile; fileRef = 211BA6F61A8BDB77007F9C65 /* WelcomeScene.swift */; };
/* End PBXBuildFile section */

/* Begin PBXContainerItemProxy section */
		211BA6AD1A8BCFBB007F9C65 /* PBXContainerItemProxy */ = {
			isa = PBXContainerItemProxy;
			containerPortal = 211BA68B1A8BCFBB007F9C65 /* Project object */;
			proxyType = 1;
			remoteGlobalIDString = 211BA6921A8BCFBB007F9C65;
			remoteInfo = UP;
		};
/* End PBXContainerItemProxy section */

/* Begin PBXFileReference section */
		211BA6931A8BCFBB007F9C65 /* UP.app */ = {isa = PBXFileReference; explicitFileType = wrapper.application; includeInIndex = 0; path = UP.app; sourceTree = BUILT_PRODUCTS_DIR; };
		211BA6971A8BCFBB007F9C65 /* Info.plist */ = {isa = PBXFileReference; lastKnownFileType = text.plist.xml; path = Info.plist; sourceTree = "<group>"; };
		211BA6981A8BCFBB007F9C65 /* AppDelegate.swift */ = {isa = PBXFileReference; lastKnownFileType = sourcecode.swift; path = AppDelegate.swift; sourceTree = "<group>"; };
		211BA69C1A8BCFBB007F9C65 /* GameScene.swift */ = {isa = PBXFileReference; lastKnownFileType = sourcecode.swift; path = GameScene.swift; sourceTree = "<group>"; };
		211BA69E1A8BCFBB007F9C65 /* GameViewController.swift */ = {isa = PBXFileReference; lastKnownFileType = sourcecode.swift; path = GameViewController.swift; sourceTree = "<group>"; };
		211BA6A11A8BCFBB007F9C65 /* Base */ = {isa = PBXFileReference; lastKnownFileType = file.storyboard; name = Base; path = Base.lproj/Main.storyboard; sourceTree = "<group>"; };
		211BA6A31A8BCFBB007F9C65 /* Images.xcassets */ = {isa = PBXFileReference; lastKnownFileType = folder.assetcatalog; path = Images.xcassets; sourceTree = "<group>"; };
		211BA6A61A8BCFBB007F9C65 /* Base */ = {isa = PBXFileReference; lastKnownFileType = file.xib; name = Base; path = Base.lproj/LaunchScreen.xib; sourceTree = "<group>"; };
		211BA6AC1A8BCFBB007F9C65 /* UPTests.xctest */ = {isa = PBXFileReference; explicitFileType = wrapper.cfbundle; includeInIndex = 0; path = UPTests.xctest; sourceTree = BUILT_PRODUCTS_DIR; };
		211BA6B11A8BCFBB007F9C65 /* Info.plist */ = {isa = PBXFileReference; lastKnownFileType = text.plist.xml; path = Info.plist; sourceTree = "<group>"; };
		211BA6B21A8BCFBB007F9C65 /* UPTests.swift */ = {isa = PBXFileReference; lastKnownFileType = sourcecode.swift; path = UPTests.swift; sourceTree = "<group>"; };
		211BA6BF1A8BD662007F9C65 /* ball™ipad.png */ = {isa = PBXFileReference; lastKnownFileType = image.png; path = "ball™ipad.png"; sourceTree = "<group>"; };
		211BA6C01A8BD662007F9C65 /* BG™ipad.png */ = {isa = PBXFileReference; lastKnownFileType = image.png; path = "BG™ipad.png"; sourceTree = "<group>"; };
		211BA6C11A8BD662007F9C65 /* bottomBanner.png */ = {isa = PBXFileReference; lastKnownFileType = image.png; path = bottomBanner.png; sourceTree = "<group>"; };
		211BA6C21A8BD662007F9C65 /* launchImage™ipad.png */ = {isa = PBXFileReference; lastKnownFileType = image.png; path = "launchImage™ipad.png"; sourceTree = "<group>"; };
		211BA6C31A8BD662007F9C65 /* startbutton™ipad.png */ = {isa = PBXFileReference; lastKnownFileType = image.png; path = "startbutton™ipad.png"; sourceTree = "<group>"; };
		211BA6C41A8BD662007F9C65 /* tube™ipad.png */ = {isa = PBXFileReference; lastKnownFileType = image.png; path = "tube™ipad.png"; sourceTree = "<group>"; };
		211BA6C61A8BD662007F9C65 /* ball™ipad@2x.png */ = {isa = PBXFileReference; lastKnownFileType = image.png; path = "ball™ipad@2x.png"; sourceTree = "<group>"; };
		211BA6C71A8BD662007F9C65 /* BG™ipad@2x.png */ = {isa = PBXFileReference; lastKnownFileType = image.png; path = "BG™ipad@2x.png"; sourceTree = "<group>"; };
		211BA6C81A8BD662007F9C65 /* bottombanner™ipad@2x.png */ = {isa = PBXFileReference; lastKnownFileType = image.png; path = "bottombanner™ipad@2x.png"; sourceTree = "<group>"; };
		211BA6C91A8BD662007F9C65 /* launhimage™ipad@2x.png */ = {isa = PBXFileReference; lastKnownFileType = image.png; path = "launhimage™ipad@2x.png"; sourceTree = "<group>"; };
		211BA6CA1A8BD662007F9C65 /* startbutton™ipad@2x.png */ = {isa = PBXFileReference; lastKnownFileType = image.png; path = "startbutton™ipad@2x.png"; sourceTree = "<group>"; };
		211BA6CB1A8BD662007F9C65 /* tube™ipad@2x.png */ = {isa = PBXFileReference; lastKnownFileType = image.png; path = "tube™ipad@2x.png"; sourceTree = "<group>"; };
		211BA6CD1A8BD662007F9C65 /* ball™iphone@2x.png */ = {isa = PBXFileReference; lastKnownFileType = image.png; path = "ball™iphone@2x.png"; sourceTree = "<group>"; };
		211BA6CE1A8BD662007F9C65 /* BG™iphone@2x.png */ = {isa = PBXFileReference; lastKnownFileType = image.png; path = "BG™iphone@2x.png"; sourceTree = "<group>"; };
		211BA6CF1A8BD662007F9C65 /* bottombbanner™iphone@2x.png */ = {isa = PBXFileReference; lastKnownFileType = image.png; path = "bottombbanner™iphone@2x.png"; sourceTree = "<group>"; };
		211BA6D01A8BD662007F9C65 /* launchimage™iphone@2x.png */ = {isa = PBXFileReference; lastKnownFileType = image.png; path = "launchimage™iphone@2x.png"; sourceTree = "<group>"; };
		211BA6D11A8BD662007F9C65 /* startbutton™iphone@2x.png */ = {isa = PBXFileReference; lastKnownFileType = image.png; path = "startbutton™iphone@2x.png"; sourceTree = "<group>"; };
		211BA6D21A8BD662007F9C65 /* tube™iphone@2x.png */ = {isa = PBXFileReference; lastKnownFileType = image.png; path = "tube™iphone@2x.png"; sourceTree = "<group>"; };
		211BA6D41A8BD662007F9C65 /* ball™ipone5.png */ = {isa = PBXFileReference; lastKnownFileType = image.png; path = "ball™ipone5.png"; sourceTree = "<group>"; };
		211BA6D51A8BD662007F9C65 /* bottombanner™iphone5.png */ = {isa = PBXFileReference; lastKnownFileType = image.png; path = "bottombanner™iphone5.png"; sourceTree = "<group>"; };
		211BA6D61A8BD662007F9C65 /* gameBG™iphone5.png */ = {isa = PBXFileReference; lastKnownFileType = image.png; path = "gameBG™iphone5.png"; sourceTree = "<group>"; };
		211BA6D71A8BD662007F9C65 /* LaunchImage.png */ = {isa = PBXFileReference; lastKnownFileType = image.png; path = LaunchImage.png; sourceTree = "<group>"; };
		211BA6D81A8BD662007F9C65 /* pause™iphone5.png */ = {isa = PBXFileReference; lastKnownFileType = image.png; path = "pause™iphone5.png"; sourceTree = "<group>"; };
		211BA6D91A8BD662007F9C65 /* play™iphone5.png */ = {isa = PBXFileReference; lastKnownFileType = image.png; path = "play™iphone5.png"; sourceTree = "<group>"; };
		211BA6DA1A8BD662007F9C65 /* startButton™iphone.png */ = {isa = PBXFileReference; lastKnownFileType = image.png; path = "startButton™iphone.png"; sourceTree = "<group>"; };
		211BA6DB1A8BD662007F9C65 /* tube™iphone5.png */ = {isa = PBXFileReference; lastKnownFileType = image.png; path = "tube™iphone5.png"; sourceTree = "<group>"; };
		211BA6F61A8BDB77007F9C65 /* WelcomeScene.swift */ = {isa = PBXFileReference; fileEncoding = 4; lastKnownFileType = sourcecode.swift; path = WelcomeScene.swift; sourceTree = "<group>"; };
/* End PBXFileReference section */

/* Begin PBXFrameworksBuildPhase section */
		211BA6901A8BCFBB007F9C65 /* Frameworks */ = {
			isa = PBXFrameworksBuildPhase;
			buildActionMask = 2147483647;
			files = (
			);
			runOnlyForDeploymentPostprocessing = 0;
		};
		211BA6A91A8BCFBB007F9C65 /* Frameworks */ = {
			isa = PBXFrameworksBuildPhase;
			buildActionMask = 2147483647;
			files = (
			);
			runOnlyForDeploymentPostprocessing = 0;
		};
/* End PBXFrameworksBuildPhase section */

/* Begin PBXGroup section */
		211BA68A1A8BCFBB007F9C65 = {
			isa = PBXGroup;
			children = (
				211BA6951A8BCFBB007F9C65 /* UP */,
				211BA6AF1A8BCFBB007F9C65 /* UPTests */,
				211BA6941A8BCFBB007F9C65 /* Products */,
			);
			sourceTree = "<group>";
		};
		211BA6941A8BCFBB007F9C65 /* Products */ = {
			isa = PBXGroup;
			children = (
				211BA6931A8BCFBB007F9C65 /* UP.app */,
				211BA6AC1A8BCFBB007F9C65 /* UPTests.xctest */,
			);
			name = Products;
			sourceTree = "<group>";
		};
		211BA6951A8BCFBB007F9C65 /* UP */ = {
			isa = PBXGroup;
			children = (
				211BA6BC1A8BD653007F9C65 /* Resources */,
				211BA6981A8BCFBB007F9C65 /* AppDelegate.swift */,
				211BA6F61A8BDB77007F9C65 /* WelcomeScene.swift */,
				211BA69C1A8BCFBB007F9C65 /* GameScene.swift */,
				211BA69E1A8BCFBB007F9C65 /* GameViewController.swift */,
				211BA6A01A8BCFBB007F9C65 /* Main.storyboard */,
				211BA6A31A8BCFBB007F9C65 /* Images.xcassets */,
				211BA6A51A8BCFBB007F9C65 /* LaunchScreen.xib */,
				211BA6961A8BCFBB007F9C65 /* Supporting Files */,
			);
			path = UP;
			sourceTree = "<group>";
		};
		211BA6961A8BCFBB007F9C65 /* Supporting Files */ = {
			isa = PBXGroup;
			children = (
				211BA6971A8BCFBB007F9C65 /* Info.plist */,
			);
			name = "Supporting Files";
			sourceTree = "<group>";
		};
		211BA6AF1A8BCFBB007F9C65 /* UPTests */ = {
			isa = PBXGroup;
			children = (
				211BA6B21A8BCFBB007F9C65 /* UPTests.swift */,
				211BA6B01A8BCFBB007F9C65 /* Supporting Files */,
			);
			path = UPTests;
			sourceTree = "<group>";
		};
		211BA6B01A8BCFBB007F9C65 /* Supporting Files */ = {
			isa = PBXGroup;
			children = (
				211BA6B11A8BCFBB007F9C65 /* Info.plist */,
			);
			name = "Supporting Files";
			sourceTree = "<group>";
		};
		211BA6BC1A8BD653007F9C65 /* Resources */ = {
			isa = PBXGroup;
			children = (
				211BA6BE1A8BD662007F9C65 /* iPad */,
				211BA6C51A8BD662007F9C65 /* iPad Retina */,
				211BA6CC1A8BD662007F9C65 /* iPhone Retina */,
				211BA6D31A8BD662007F9C65 /* iPhone5 */,
			);
			name = Resources;
			sourceTree = "<group>";
		};
		211BA6BE1A8BD662007F9C65 /* iPad */ = {
			isa = PBXGroup;
			children = (
				211BA6BF1A8BD662007F9C65 /* ball™ipad.png */,
				211BA6C01A8BD662007F9C65 /* BG™ipad.png */,
				211BA6C11A8BD662007F9C65 /* bottomBanner.png */,
				211BA6C21A8BD662007F9C65 /* launchImage™ipad.png */,
				211BA6C31A8BD662007F9C65 /* startbutton™ipad.png */,
				211BA6C41A8BD662007F9C65 /* tube™ipad.png */,
			);
			name = iPad;
			path = gameApp/iPad;
			sourceTree = "<group>";
		};
		211BA6C51A8BD662007F9C65 /* iPad Retina */ = {
			isa = PBXGroup;
			children = (
				211BA6C61A8BD662007F9C65 /* ball™ipad@2x.png */,
				211BA6C71A8BD662007F9C65 /* BG™ipad@2x.png */,
				211BA6C81A8BD662007F9C65 /* bottombanner™ipad@2x.png */,
				211BA6C91A8BD662007F9C65 /* launhimage™ipad@2x.png */,
				211BA6CA1A8BD662007F9C65 /* startbutton™ipad@2x.png */,
				211BA6CB1A8BD662007F9C65 /* tube™ipad@2x.png */,
			);
			name = "iPad Retina";
			path = "gameApp/iPad Retina";
			sourceTree = "<group>";
		};
		211BA6CC1A8BD662007F9C65 /* iPhone Retina */ = {
			isa = PBXGroup;
			children = (
				211BA6CD1A8BD662007F9C65 /* ball™iphone@2x.png */,
				211BA6CE1A8BD662007F9C65 /* BG™iphone@2x.png */,
				211BA6CF1A8BD662007F9C65 /* bottombbanner™iphone@2x.png */,
				211BA6D01A8BD662007F9C65 /* launchimage™iphone@2x.png */,
				211BA6D11A8BD662007F9C65 /* startbutton™iphone@2x.png */,
				211BA6D21A8BD662007F9C65 /* tube™iphone@2x.png */,
			);
			name = "iPhone Retina";
			path = "gameApp/iPhone Retina";
			sourceTree = "<group>";
		};
		211BA6D31A8BD662007F9C65 /* iPhone5 */ = {
			isa = PBXGroup;
			children = (
				211BA6D41A8BD662007F9C65 /* ball™ipone5.png */,
				211BA6D51A8BD662007F9C65 /* bottombanner™iphone5.png */,
				211BA6D61A8BD662007F9C65 /* gameBG™iphone5.png */,
				211BA6D71A8BD662007F9C65 /* LaunchImage.png */,
				211BA6D81A8BD662007F9C65 /* pause™iphone5.png */,
				211BA6D91A8BD662007F9C65 /* play™iphone5.png */,
				211BA6DA1A8BD662007F9C65 /* startButton™iphone.png */,
				211BA6DB1A8BD662007F9C65 /* tube™iphone5.png */,
			);
			name = iPhone5;
			path = gameApp/iPhone5;
			sourceTree = "<group>";
		};
/* End PBXGroup section */

/* Begin PBXNativeTarget section */
		211BA6921A8BCFBB007F9C65 /* UP */ = {
			isa = PBXNativeTarget;
			buildConfigurationList = 211BA6B61A8BCFBB007F9C65 /* Build configuration list for PBXNativeTarget "UP" */;
			buildPhases = (
				211BA68F1A8BCFBB007F9C65 /* Sources */,
				211BA6901A8BCFBB007F9C65 /* Frameworks */,
				211BA6911A8BCFBB007F9C65 /* Resources */,
			);
			buildRules = (
			);
			dependencies = (
			);
			name = UP;
			productName = UP;
			productReference = 211BA6931A8BCFBB007F9C65 /* UP.app */;
			productType = "com.apple.product-type.application";
		};
		211BA6AB1A8BCFBB007F9C65 /* UPTests */ = {
			isa = PBXNativeTarget;
			buildConfigurationList = 211BA6B91A8BCFBB007F9C65 /* Build configuration list for PBXNativeTarget "UPTests" */;
			buildPhases = (
				211BA6A81A8BCFBB007F9C65 /* Sources */,
				211BA6A91A8BCFBB007F9C65 /* Frameworks */,
				211BA6AA1A8BCFBB007F9C65 /* Resources */,
			);
			buildRules = (
			);
			dependencies = (
				211BA6AE1A8BCFBB007F9C65 /* PBXTargetDependency */,
			);
			name = UPTests;
			productName = UPTests;
			productReference = 211BA6AC1A8BCFBB007F9C65 /* UPTests.xctest */;
			productType = "com.apple.product-type.bundle.unit-test";
		};
/* End PBXNativeTarget section */

/* Begin PBXProject section */
		211BA68B1A8BCFBB007F9C65 /* Project object */ = {
			isa = PBXProject;
			attributes = {
				LastUpgradeCheck = 0610;
				ORGANIZATIONNAME = "The Leaf Enterprise";
				TargetAttributes = {
					211BA6921A8BCFBB007F9C65 = {
						CreatedOnToolsVersion = 6.1.1;
					};
					211BA6AB1A8BCFBB007F9C65 = {
						CreatedOnToolsVersion = 6.1.1;
						TestTargetID = 211BA6921A8BCFBB007F9C65;
					};
				};
			};
			buildConfigurationList = 211BA68E1A8BCFBB007F9C65 /* Build configuration list for PBXProject "UP" */;
			compatibilityVersion = "Xcode 3.2";
			developmentRegion = English;
			hasScannedForEncodings = 0;
			knownRegions = (
				en,
				Base,
			);
			mainGroup = 211BA68A1A8BCFBB007F9C65;
			productRefGroup = 211BA6941A8BCFBB007F9C65 /* Products */;
			projectDirPath = "";
			projectRoot = "";
			targets = (
				211BA6921A8BCFBB007F9C65 /* UP */,
				211BA6AB1A8BCFBB007F9C65 /* UPTests */,
			);
		};
/* End PBXProject section */

/* Begin PBXResourcesBuildPhase section */
		211BA6911A8BCFBB007F9C65 /* Resources */ = {
			isa = PBXResourcesBuildPhase;
			buildActionMask = 2147483647;
			files = (
				211BA6EF1A8BD662007F9C65 /* bottombanner™iphone5.png in Resources */,
				211BA6A71A8BCFBB007F9C65 /* LaunchScreen.xib in Resources */,
				211BA6EE1A8BD662007F9C65 /* ball™ipone5.png in Resources */,
				211BA6F41A8BD662007F9C65 /* startButton™iphone.png in Resources */,
				211BA6E61A8BD662007F9C65 /* startbutton™ipad@2x.png in Resources */,
				211BA6E81A8BD662007F9C65 /* ball™iphone@2x.png in Resources */,
				211BA6E01A8BD662007F9C65 /* startbutton™ipad.png in Resources */,
				211BA6E11A8BD662007F9C65 /* tube™ipad.png in Resources */,
				211BA6DC1A8BD662007F9C65 /* ball™ipad.png in Resources */,
				211BA6A41A8BCFBB007F9C65 /* Images.xcassets in Resources */,
				211BA6E21A8BD662007F9C65 /* ball™ipad@2x.png in Resources */,
				211BA6EB1A8BD662007F9C65 /* launchimage™iphone@2x.png in Resources */,
				211BA6F21A8BD662007F9C65 /* pause™iphone5.png in Resources */,
				211BA6F11A8BD662007F9C65 /* LaunchImage.png in Resources */,
				211BA6EC1A8BD662007F9C65 /* startbutton™iphone@2x.png in Resources */,
				211BA6E91A8BD662007F9C65 /* BG™iphone@2x.png in Resources */,
				211BA6A21A8BCFBB007F9C65 /* Main.storyboard in Resources */,
				211BA6E31A8BD662007F9C65 /* BG™ipad@2x.png in Resources */,
				211BA6EA1A8BD662007F9C65 /* bottombbanner™iphone@2x.png in Resources */,
				211BA6DF1A8BD662007F9C65 /* launchImage™ipad.png in Resources */,
				211BA6E51A8BD662007F9C65 /* launhimage™ipad@2x.png in Resources */,
				211BA6DE1A8BD662007F9C65 /* bottomBanner.png in Resources */,
				211BA6E71A8BD662007F9C65 /* tube™ipad@2x.png in Resources */,
				211BA6F31A8BD662007F9C65 /* play™iphone5.png in Resources */,
				211BA6DD1A8BD662007F9C65 /* BG™ipad.png in Resources */,
				211BA6F01A8BD662007F9C65 /* gameBG™iphone5.png in Resources */,
				211BA6ED1A8BD662007F9C65 /* tube™iphone@2x.png in Resources */,
				211BA6E41A8BD662007F9C65 /* bottombanner™ipad@2x.png in Resources */,
				211BA6F51A8BD662007F9C65 /* tube™iphone5.png in Resources */,
			);
			runOnlyForDeploymentPostprocessing = 0;
		};
		211BA6AA1A8BCFBB007F9C65 /* Resources */ = {
			isa = PBXResourcesBuildPhase;
			buildActionMask = 2147483647;
			files = (
			);
			runOnlyForDeploymentPostprocessing = 0;
		};
/* End PBXResourcesBuildPhase section */

/* Begin PBXSourcesBuildPhase section */
		211BA68F1A8BCFBB007F9C65 /* Sources */ = {
			isa = PBXSourcesBuildPhase;
			buildActionMask = 2147483647;
			files = (
				211BA69D1A8BCFBB007F9C65 /* GameScene.swift in Sources */,
				211BA69F1A8BCFBB007F9C65 /* GameViewController.swift in Sources */,
				211BA6991A8BCFBB007F9C65 /* AppDelegate.swift in Sources */,
				211BA6F71A8BDB77007F9C65 /* WelcomeScene.swift in Sources */,
			);
			runOnlyForDeploymentPostprocessing = 0;
		};
		211BA6A81A8BCFBB007F9C65 /* Sources */ = {
			isa = PBXSourcesBuildPhase;
			buildActionMask = 2147483647;
			files = (
				211BA6B31A8BCFBB007F9C65 /* UPTests.swift in Sources */,
			);
			runOnlyForDeploymentPostprocessing = 0;
		};
/* End PBXSourcesBuildPhase section */

/* Begin PBXTargetDependency section */
		211BA6AE1A8BCFBB007F9C65 /* PBXTargetDependency */ = {
			isa = PBXTargetDependency;
			target = 211BA6921A8BCFBB007F9C65 /* UP */;
			targetProxy = 211BA6AD1A8BCFBB007F9C65 /* PBXContainerItemProxy */;
		};
/* End PBXTargetDependency section */

/* Begin PBXVariantGroup section */
		211BA6A01A8BCFBB007F9C65 /* Main.storyboard */ = {
			isa = PBXVariantGroup;
			children = (
				211BA6A11A8BCFBB007F9C65 /* Base */,
			);
			name = Main.storyboard;
			sourceTree = "<group>";
		};
		211BA6A51A8BCFBB007F9C65 /* LaunchScreen.xib */ = {
			isa = PBXVariantGroup;
			children = (
				211BA6A61A8BCFBB007F9C65 /* Base */,
			);
			name = LaunchScreen.xib;
			sourceTree = "<group>";
		};
/* End PBXVariantGroup section */

/* Begin XCBuildConfiguration section */
		211BA6B41A8BCFBB007F9C65 /* Debug */ = {
			isa = XCBuildConfiguration;
			buildSettings = {
				ALWAYS_SEARCH_USER_PATHS = NO;
				CLANG_CXX_LANGUAGE_STANDARD = "gnu++0x";
				CLANG_CXX_LIBRARY = "libc++";
				CLANG_ENABLE_MODULES = YES;
				CLANG_ENABLE_OBJC_ARC = YES;
				CLANG_WARN_BOOL_CONVERSION = YES;
				CLANG_WARN_CONSTANT_CONVERSION = YES;
				CLANG_WARN_DIRECT_OBJC_ISA_USAGE = YES_ERROR;
				CLANG_WARN_EMPTY_BODY = YES;
				CLANG_WARN_ENUM_CONVERSION = YES;
				CLANG_WARN_INT_CONVERSION = YES;
				CLANG_WARN_OBJC_ROOT_CLASS = YES_ERROR;
				CLANG_WARN_UNREACHABLE_CODE = YES;
				CLANG_WARN__DUPLICATE_METHOD_MATCH = YES;
				"CODE_SIGN_IDENTITY[sdk=iphoneos*]" = "iPhone Developer";
				COPY_PHASE_STRIP = NO;
				ENABLE_STRICT_OBJC_MSGSEND = YES;
				GCC_C_LANGUAGE_STANDARD = gnu99;
				GCC_DYNAMIC_NO_PIC = NO;
				GCC_OPTIMIZATION_LEVEL = 0;
				GCC_PREPROCESSOR_DEFINITIONS = (
					"DEBUG=1",
					"$(inherited)",
				);
				GCC_SYMBOLS_PRIVATE_EXTERN = NO;
				GCC_WARN_64_TO_32_BIT_CONVERSION = YES;
				GCC_WARN_ABOUT_RETURN_TYPE = YES_ERROR;
				GCC_WARN_UNDECLARED_SELECTOR = YES;
				GCC_WARN_UNINITIALIZED_AUTOS = YES_AGGRESSIVE;
				GCC_WARN_UNUSED_FUNCTION = YES;
				GCC_WARN_UNUSED_VARIABLE = YES;
				IPHONEOS_DEPLOYMENT_TARGET = 8.1;
				MTL_ENABLE_DEBUG_INFO = YES;
				ONLY_ACTIVE_ARCH = YES;
				SDKROOT = iphoneos;
				SWIFT_OPTIMIZATION_LEVEL = "-Onone";
				TARGETED_DEVICE_FAMILY = "1,2";
			};
			name = Debug;
		};
		211BA6B51A8BCFBB007F9C65 /* Release */ = {
			isa = XCBuildConfiguration;
			buildSettings = {
				ALWAYS_SEARCH_USER_PATHS = NO;
				CLANG_CXX_LANGUAGE_STANDARD = "gnu++0x";
				CLANG_CXX_LIBRARY = "libc++";
				CLANG_ENABLE_MODULES = YES;
				CLANG_ENABLE_OBJC_ARC = YES;
				CLANG_WARN_BOOL_CONVERSION = YES;
				CLANG_WARN_CONSTANT_CONVERSION = YES;
				CLANG_WARN_DIRECT_OBJC_ISA_USAGE = YES_ERROR;
				CLANG_WARN_EMPTY_BODY = YES;
				CLANG_WARN_ENUM_CONVERSION = YES;
				CLANG_WARN_INT_CONVERSION = YES;
				CLANG_WARN_OBJC_ROOT_CLASS = YES_ERROR;
				CLANG_WARN_UNREACHABLE_CODE = YES;
				CLANG_WARN__DUPLICATE_METHOD_MATCH = YES;
				"CODE_SIGN_IDENTITY[sdk=iphoneos*]" = "iPhone Developer";
				COPY_PHASE_STRIP = YES;
				ENABLE_NS_ASSERTIONS = NO;
				ENABLE_STRICT_OBJC_MSGSEND = YES;
				GCC_C_LANGUAGE_STANDARD = gnu99;
				GCC_WARN_64_TO_32_BIT_CONVERSION = YES;
				GCC_WARN_ABOUT_RETURN_TYPE = YES_ERROR;
				GCC_WARN_UNDECLARED_SELECTOR = YES;
				GCC_WARN_UNINITIALIZED_AUTOS = YES_AGGRESSIVE;
				GCC_WARN_UNUSED_FUNCTION = YES;
				GCC_WARN_UNUSED_VARIABLE = YES;
				IPHONEOS_DEPLOYMENT_TARGET = 8.1;
				MTL_ENABLE_DEBUG_INFO = NO;
				SDKROOT = iphoneos;
				TARGETED_DEVICE_FAMILY = "1,2";
				VALIDATE_PRODUCT = YES;
			};
			name = Release;
		};
		211BA6B71A8BCFBB007F9C65 /* Debug */ = {
			isa = XCBuildConfiguration;
			buildSettings = {
				ASSETCATALOG_COMPILER_APPICON_NAME = AppIcon;
				INFOPLIST_FILE = UP/Info.plist;
				LD_RUNPATH_SEARCH_PATHS = "$(inherited) @executable_path/Frameworks";
				PRODUCT_NAME = "$(TARGET_NAME)";
			};
			name = Debug;
		};
		211BA6B81A8BCFBB007F9C65 /* Release */ = {
			isa = XCBuildConfiguration;
			buildSettings = {
				ASSETCATALOG_COMPILER_APPICON_NAME = AppIcon;
				INFOPLIST_FILE = UP/Info.plist;
				LD_RUNPATH_SEARCH_PATHS = "$(inherited) @executable_path/Frameworks";
				PRODUCT_NAME = "$(TARGET_NAME)";
			};
			name = Release;
		};
		211BA6BA1A8BCFBB007F9C65 /* Debug */ = {
			isa = XCBuildConfiguration;
			buildSettings = {
				BUNDLE_LOADER = "$(TEST_HOST)";
				FRAMEWORK_SEARCH_PATHS = (
					"$(SDKROOT)/Developer/Library/Frameworks",
					"$(inherited)",
				);
				GCC_PREPROCESSOR_DEFINITIONS = (
					"DEBUG=1",
					"$(inherited)",
				);
				INFOPLIST_FILE = UPTests/Info.plist;
				LD_RUNPATH_SEARCH_PATHS = "$(inherited) @executable_path/Frameworks @loader_path/Frameworks";
				PRODUCT_NAME = "$(TARGET_NAME)";
				TEST_HOST = "$(BUILT_PRODUCTS_DIR)/UP.app/UP";
			};
			name = Debug;
		};
		211BA6BB1A8BCFBB007F9C65 /* Release */ = {
			isa = XCBuildConfiguration;
			buildSettings = {
				BUNDLE_LOADER = "$(TEST_HOST)";
				FRAMEWORK_SEARCH_PATHS = (
					"$(SDKROOT)/Developer/Library/Frameworks",
					"$(inherited)",
				);
				INFOPLIST_FILE = UPTests/Info.plist;
				LD_RUNPATH_SEARCH_PATHS = "$(inherited) @executable_path/Frameworks @loader_path/Frameworks";
				PRODUCT_NAME = "$(TARGET_NAME)";
				TEST_HOST = "$(BUILT_PRODUCTS_DIR)/UP.app/UP";
			};
			name = Release;
		};
/* End XCBuildConfiguration section */

/* Begin XCConfigurationList section */
		211BA68E1A8BCFBB007F9C65 /* Build configuration list for PBXProject "UP" */ = {
			isa = XCConfigurationList;
			buildConfigurations = (
				211BA6B41A8BCFBB007F9C65 /* Debug */,
				211BA6B51A8BCFBB007F9C65 /* Release */,
			);
			defaultConfigurationIsVisible = 0;
			defaultConfigurationName = Release;
		};
		211BA6B61A8BCFBB007F9C65 /* Build configuration list for PBXNativeTarget "UP" */ = {
			isa = XCConfigurationList;
			buildConfigurations = (
				211BA6B71A8BCFBB007F9C65 /* Debug */,
				211BA6B81A8BCFBB007F9C65 /* Release */,
			);
			defaultConfigurationIsVisible = 0;
		};
		211BA6B91A8BCFBB007F9C65 /* Build configuration list for PBXNativeTarget "UPTests" */ = {
			isa = XCConfigurationList;
			buildConfigurations = (
				211BA6BA1A8BCFBB007F9C65 /* Debug */,
				211BA6BB1A8BCFBB007F9C65 /* Release */,
			);
			defaultConfigurationIsVisible = 0;
		};
/* End XCConfigurationList section */
	};
	rootObject = 211BA68B1A8BCFBB007F9C65 /* Project object */;
}
